
Microsoft Visual Studio Solution File, Format Version 12.00
# Visual Studio 15
VisualStudioVersion = 15.0.28307.489
MinimumVisualStudioVersion = 10.0.40219.1
Project("{9A19103F-16F7-4668-BE54-9A1E7A4F7556}") = "ASPNET-MVC-oidc", "ASPNET-MVC-oidc.csproj", "{EC166EED-F9CF-40BD-8ACA-3D26551066D6}"
EndProject
Global
	GlobalSection(SolutionConfigurationPlatforms) = preSolution
		Debug|Any CPU = Debug|Any CPU
		Release|Any CPU = Release|Any CPU
	EndGlobalSection
	GlobalSection(ProjectConfigurationPlatforms) = postSolution
		{EC166EED-F9CF-40BD-8ACA-3D26551066D6}.Debug|Any CPU.ActiveCfg = Debug|Any CPU
		{EC166EED-F9CF-40BD-8ACA-3D26551066D6}.Debug|Any CPU.Build.0 = Debug|Any CPU
		{EC166EED-F9CF-40BD-8ACA-3D26551066D6}.Release|Any CPU.ActiveCfg = Release|Any CPU
		{EC166EED-F9CF-40BD-8ACA-3D26551066D6}.Release|Any CPU.Build.0 = Release|Any CPU
	EndGlobalSection
	GlobalSection(SolutionProperties) = preSolution
		HideSolutionNode = FALSE
	EndGlobalSection
	GlobalSection(ExtensibilityGlobals) = postSolution
		SolutionGuid = {6848A3A1-CB9F-4CF6-B9C1-6FA67F544DDE}
	EndGlobalSection
EndGlobal
